<?xml version="1.0" encoding="utf-8"?>
<Project ToolsVersion="4.0" xmlns="http://schemas.microsoft.com/developer/msbuild/2003">
  <ItemGroup>
    <Filter Include="Level">
      <UniqueIdentifier>{8745d617-331d-4886-a95d-4bbe4154a492}</UniqueIdentifier>
    </Filter>
    <Filter Include="Object">
      <UniqueIdentifier>{77cb5786-add3-4aab-82d1-0991d0862e11}</UniqueIdentifier>
    </Filter>
    <Filter Include="Object\Player">
      <UniqueIdentifier>{abbbf795-a7f3-4a6f-928d-9406dbd12509}</UniqueIdentifier>
    </Filter>
    <Filter Include="Object\Enemy">
      <UniqueIdentifier>{071ac9ae-fe4c-4be4-858b-31cb140948ae}</UniqueIdentifier>
    </Filter>
    <Filter Include="Object\Puyo">
      <UniqueIdentifier>{7632ce30-3af0-4a96-9831-f300a00c5e11}</UniqueIdentifier>
    </Filter>
  </ItemGroup>
  <ItemGroup>
    <ClCompile Include="Title.cpp">
      <Filter>Level</Filter>
    </ClCompile>
    <ClCompile Include="Player.cpp">
      <Filter>Object\Player</Filter>
    </ClCompile>
    <ClCompile Include="Enemy.cpp">
      <Filter>Object\Enemy</Filter>
    </ClCompile>
    <ClCompile Include="GameOver.cpp">
      <Filter>Level</Filter>
    </ClCompile>
    <ClCompile Include="MainMenu.cpp">
      <Filter>Level</Filter>
    </ClCompile>
    <ClCompile Include="Play.cpp">
      <Filter>Level</Filter>
    </ClCompile>
    <ClCompile Include="MyGame.cpp" />
    <ClCompile Include="Puyo.cpp">
      <Filter>Object\Puyo</Filter>
    </ClCompile>
  </ItemGroup>
  <ItemGroup>
    <ClInclude Include="Title.h">
      <Filter>Level</Filter>
    </ClInclude>
    <ClInclude Include="Player.h">
      <Filter>Object\Player</Filter>
    </ClInclude>
    <ClInclude Include="Enemy.h">
      <Filter>Object\Enemy</Filter>
    </ClInclude>
    <ClInclude Include="GameOver.h">
      <Filter>Level</Filter>
    </ClInclude>
    <ClInclude Include="MainMenu.h">
      <Filter>Level</Filter>
    </ClInclude>
    <ClInclude Include="Play.h">
      <Filter>Level</Filter>
    </ClInclude>
    <ClInclude Include="MyGame.h" />
    <ClInclude Include="Puyo.h">
      <Filter>Object\Puyo</Filter>
    </ClInclude>
  </ItemGroup>
</Project>