<?xml version="1.0" encoding="utf-8"?>
<Project ToolsVersion="4.0" xmlns="http://schemas.microsoft.com/developer/msbuild/2003">
  <ItemGroup>
    <ClCompile Include="PuyoPuyo.cpp" />
    <ClCompile Include="GameOver.cpp">
      <Filter>Level</Filter>
    </ClCompile>
    <ClCompile Include="MainMenu.cpp">
      <Filter>Level</Filter>
    </ClCompile>
    <ClCompile Include="PlayGame.cpp">
      <Filter>Level</Filter>
    </ClCompile>
    <ClCompile Include="Title.cpp">
      <Filter>Level</Filter>
    </ClCompile>
    <ClCompile Include="CharacterSelect.cpp">
      <Filter>Level</Filter>
    </ClCompile>
    <ClCompile Include="Puyo.cpp">
      <Filter>Actor\Level\PlayGame\Puyo</Filter>
    </ClCompile>
    <ClCompile Include="Player.cpp">
      <Filter>Actor\Player</Filter>
    </ClCompile>
    <ClCompile Include="Enemy.cpp">
      <Filter>Actor\Enemy</Filter>
    </ClCompile>
    <ClCompile Include="PuyoPair.cpp">
      <Filter>Actor\Level\PlayGame\Puyo</Filter>
    </ClCompile>
    <ClCompile Include="BackGround.cpp">
      <Filter>Actor\Level</Filter>
    </ClCompile>
  </ItemGroup>
  <ItemGroup>
    <ClInclude Include="PuyoPuyo.h" />
    <ClInclude Include="GameOver.h">
      <Filter>Level</Filter>
    </ClInclude>
    <ClInclude Include="MainMenu.h">
      <Filter>Level</Filter>
    </ClInclude>
    <ClInclude Include="PlayGame.h">
      <Filter>Level</Filter>
    </ClInclude>
    <ClInclude Include="Title.h">
      <Filter>Level</Filter>
    </ClInclude>
    <ClInclude Include="CharacterSelect.h">
      <Filter>Level</Filter>
    </ClInclude>
    <ClInclude Include="Puyo.h">
      <Filter>Actor\Level\PlayGame\Puyo</Filter>
    </ClInclude>
    <ClInclude Include="Player.h">
      <Filter>Actor\Player</Filter>
    </ClInclude>
    <ClInclude Include="Enemy.h">
      <Filter>Actor\Enemy</Filter>
    </ClInclude>
    <ClInclude Include="PuyoPair.h">
      <Filter>Actor\Level\PlayGame\Puyo</Filter>
    </ClInclude>
    <ClInclude Include="BackGround.h">
      <Filter>Actor\Level</Filter>
    </ClInclude>
  </ItemGroup>
  <ItemGroup>
    <Filter Include="Actor">
      <UniqueIdentifier>{1bec5220-afb7-4394-bc66-5dcc39d4dad3}</UniqueIdentifier>
    </Filter>
    <Filter Include="Level">
      <UniqueIdentifier>{507a191b-14c6-4e68-a4a8-04eedd81eb54}</UniqueIdentifier>
    </Filter>
    <Filter Include="Actor\Player">
      <UniqueIdentifier>{874b91bf-ad0b-47e4-ae83-621b74a1b900}</UniqueIdentifier>
    </Filter>
    <Filter Include="Actor\Enemy">
      <UniqueIdentifier>{6e019613-4a06-4aa9-8dc1-f36c300dd52c}</UniqueIdentifier>
    </Filter>
    <Filter Include="Actor\Level">
      <UniqueIdentifier>{53746573-7fc9-449a-811f-fc5af85f7715}</UniqueIdentifier>
    </Filter>
    <Filter Include="Actor\Level\PlayGame">
      <UniqueIdentifier>{175c2f27-c6d5-44f3-970f-a14faee0eabd}</UniqueIdentifier>
    </Filter>
    <Filter Include="Actor\Level\PlayGame\Puyo">
      <UniqueIdentifier>{b06c5114-af39-4a99-af9f-2d08b6d7273e}</UniqueIdentifier>
    </Filter>
    <Filter Include="Actor\Level\Title">
      <UniqueIdentifier>{0ad2dd8f-5758-4d03-8453-b164e2cf51bf}</UniqueIdentifier>
    </Filter>
    <Filter Include="Actor\Level\GameOver">
      <UniqueIdentifier>{cb445b6b-e71c-455a-81b6-31b0f18ec51f}</UniqueIdentifier>
    </Filter>
    <Filter Include="Actor\Level\Mainmenu">
      <UniqueIdentifier>{f18dbdd0-01dc-43fc-8af8-47e8056c873b}</UniqueIdentifier>
    </Filter>
    <Filter Include="Actor\Level\ChracterSelect">
      <UniqueIdentifier>{7e4fc7f9-393b-4e12-b085-8ec1c06e38db}</UniqueIdentifier>
    </Filter>
  </ItemGroup>
</Project>