<?xml version="1.0" encoding="utf-8"?>
<Project ToolsVersion="4.0" xmlns="http://schemas.microsoft.com/developer/msbuild/2003">
  <ItemGroup>
    <ClCompile Include="PuyoPuyo.cpp" />
    <ClCompile Include="GameOver.cpp">
      <Filter>Level</Filter>
    </ClCompile>
    <ClCompile Include="MainMenu.cpp">
      <Filter>Level</Filter>
    </ClCompile>
    <ClCompile Include="InGame.cpp">
      <Filter>Level</Filter>
    </ClCompile>
    <ClCompile Include="Title.cpp">
      <Filter>Level</Filter>
    </ClCompile>
    <ClCompile Include="CharacterSelect.cpp">
      <Filter>Level</Filter>
    </ClCompile>
    <ClCompile Include="Puyo.cpp">
      <Filter>Actor\Level\InGame\Puyo</Filter>
    </ClCompile>
    <ClCompile Include="PuyoPair.cpp">
      <Filter>Actor\Level\InGame\Puyo</Filter>
    </ClCompile>
    <ClCompile Include="Player.cpp">
      <Filter>Actor\Level\InGame\Player</Filter>
    </ClCompile>
    <ClCompile Include="Enemy.cpp">
      <Filter>Actor\Level\InGame\Enemy</Filter>
    </ClCompile>
    <ClCompile Include="CompanyLogo.cpp">
      <Filter>Actor\Level\Title</Filter>
    </ClCompile>
    <ClCompile Include="Red_Puyo.cpp">
      <Filter>Actor\Level\Title</Filter>
    </ClCompile>
    <ClCompile Include="Carbuncle.cpp">
      <Filter>Actor\Level\Title</Filter>
    </ClCompile>
    <ClCompile Include="ChracterBackground.cpp">
      <Filter>Actor\Level\Title\BackGround</Filter>
    </ClCompile>
    <ClCompile Include="YellowLightning.cpp">
      <Filter>Actor\Level\Title\BackGround</Filter>
    </ClCompile>
    <ClCompile Include="BlueLightning.cpp">
      <Filter>Actor\Level\Title\BackGround</Filter>
    </ClCompile>
    <ClCompile Include="ArleFace.cpp">
      <Filter>Actor\Level\Title</Filter>
    </ClCompile>
    <ClCompile Include="GameName.cpp">
      <Filter>Actor\Level\Title\GameLogo</Filter>
    </ClCompile>
    <ClCompile Include="ChineseCharacter.cpp">
      <Filter>Actor\Level\Title\GameLogo</Filter>
    </ClCompile>
    <ClCompile Include="CarbuncleCoin.cpp">
      <Filter>Actor\Level\Title\GameLogo</Filter>
    </ClCompile>
    <ClCompile Include="Stage.cpp">
      <Filter>Actor\Level\InGame\BackGround</Filter>
    </ClCompile>
    <ClCompile Include="MM_BackGround.cpp">
      <Filter>Actor\Level\Mainmenu\BackGround</Filter>
    </ClCompile>
    <ClCompile Include="CS_BackGround.cpp">
      <Filter>Actor\Level\ChracterSelect\BackGround</Filter>
    </ClCompile>
    <ClCompile Include="CharacterSelectWindow.cpp">
      <Filter>Actor\Level\ChracterSelect</Filter>
    </ClCompile>
    <ClCompile Include="PlayerWindow.cpp">
      <Filter>Actor\Level\ChracterSelect</Filter>
    </ClCompile>
    <ClCompile Include="EnemyWindow.cpp">
      <Filter>Actor\Level\ChracterSelect</Filter>
    </ClCompile>
    <ClCompile Include="KnockdownPlayer.cpp">
      <Filter>Actor\Level\GameOver</Filter>
    </ClCompile>
    <ClCompile Include="StageTop.cpp">
      <Filter>Actor\Level\ChracterSelect\BackGround</Filter>
    </ClCompile>
    <ClCompile Include="GO_BackGround.cpp">
      <Filter>Actor\Level\GameOver\BackGround</Filter>
    </ClCompile>
    <ClCompile Include="CarbuncleMenu.cpp">
      <Filter>Actor\Level\Mainmenu\Menu</Filter>
    </ClCompile>
  </ItemGroup>
  <ItemGroup>
    <ClInclude Include="PuyoPuyo.h" />
    <ClInclude Include="GameOver.h">
      <Filter>Level</Filter>
    </ClInclude>
    <ClInclude Include="MainMenu.h">
      <Filter>Level</Filter>
    </ClInclude>
    <ClInclude Include="InGame.h">
      <Filter>Level</Filter>
    </ClInclude>
    <ClInclude Include="Title.h">
      <Filter>Level</Filter>
    </ClInclude>
    <ClInclude Include="CharacterSelect.h">
      <Filter>Level</Filter>
    </ClInclude>
    <ClInclude Include="Puyo.h">
      <Filter>Actor\Level\InGame\Puyo</Filter>
    </ClInclude>
    <ClInclude Include="PuyoPair.h">
      <Filter>Actor\Level\InGame\Puyo</Filter>
    </ClInclude>
    <ClInclude Include="Player.h">
      <Filter>Actor\Level\InGame\Player</Filter>
    </ClInclude>
    <ClInclude Include="Enemy.h">
      <Filter>Actor\Level\InGame\Enemy</Filter>
    </ClInclude>
    <ClInclude Include="CompanyLogo.h">
      <Filter>Actor\Level\Title</Filter>
    </ClInclude>
    <ClInclude Include="Red_Puyo.h">
      <Filter>Actor\Level\Title</Filter>
    </ClInclude>
    <ClInclude Include="Carbuncle.h">
      <Filter>Actor\Level\Title</Filter>
    </ClInclude>
    <ClInclude Include="ChracterBackground.h">
      <Filter>Actor\Level\Title\BackGround</Filter>
    </ClInclude>
    <ClInclude Include="YellowLightning.h">
      <Filter>Actor\Level\Title\BackGround</Filter>
    </ClInclude>
    <ClInclude Include="BlueLightning.h">
      <Filter>Actor\Level\Title\BackGround</Filter>
    </ClInclude>
    <ClInclude Include="ArleFace.h">
      <Filter>Actor\Level\Title</Filter>
    </ClInclude>
    <ClInclude Include="GameName.h">
      <Filter>Actor\Level\Title\GameLogo</Filter>
    </ClInclude>
    <ClInclude Include="ChineseCharacter.h">
      <Filter>Actor\Level\Title\GameLogo</Filter>
    </ClInclude>
    <ClInclude Include="CarbuncleCoin.h">
      <Filter>Actor\Level\Title\GameLogo</Filter>
    </ClInclude>
    <ClInclude Include="Stage.h">
      <Filter>Actor\Level\InGame\BackGround</Filter>
    </ClInclude>
    <ClInclude Include="MM_BackGround.h">
      <Filter>Actor\Level\Mainmenu\BackGround</Filter>
    </ClInclude>
    <ClInclude Include="CS_BackGround.h">
      <Filter>Actor\Level\ChracterSelect\BackGround</Filter>
    </ClInclude>
    <ClInclude Include="CharacterSelectWindow.h">
      <Filter>Actor\Level\ChracterSelect</Filter>
    </ClInclude>
    <ClInclude Include="PlayerWindow.h">
      <Filter>Actor\Level\ChracterSelect</Filter>
    </ClInclude>
    <ClInclude Include="EnemyWindow.h">
      <Filter>Actor\Level\ChracterSelect</Filter>
    </ClInclude>
    <ClInclude Include="KnockdownPlayer.h">
      <Filter>Actor\Level\GameOver</Filter>
    </ClInclude>
    <ClInclude Include="StageTop.h">
      <Filter>Actor\Level\ChracterSelect\BackGround</Filter>
    </ClInclude>
    <ClInclude Include="GO_BackGround.h">
      <Filter>Actor\Level\GameOver\BackGround</Filter>
    </ClInclude>
    <ClInclude Include="GlobalEnum.h">
      <Filter>Global</Filter>
    </ClInclude>
    <ClInclude Include="CarbuncleMenu.h">
      <Filter>Actor\Level\Mainmenu\Menu</Filter>
    </ClInclude>
  </ItemGroup>
  <ItemGroup>
    <Filter Include="Actor">
      <UniqueIdentifier>{1bec5220-afb7-4394-bc66-5dcc39d4dad3}</UniqueIdentifier>
    </Filter>
    <Filter Include="Level">
      <UniqueIdentifier>{507a191b-14c6-4e68-a4a8-04eedd81eb54}</UniqueIdentifier>
    </Filter>
    <Filter Include="Actor\Level">
      <UniqueIdentifier>{53746573-7fc9-449a-811f-fc5af85f7715}</UniqueIdentifier>
    </Filter>
    <Filter Include="Actor\Level\Title">
      <UniqueIdentifier>{0ad2dd8f-5758-4d03-8453-b164e2cf51bf}</UniqueIdentifier>
    </Filter>
    <Filter Include="Actor\Level\GameOver">
      <UniqueIdentifier>{cb445b6b-e71c-455a-81b6-31b0f18ec51f}</UniqueIdentifier>
    </Filter>
    <Filter Include="Actor\Level\Mainmenu">
      <UniqueIdentifier>{f18dbdd0-01dc-43fc-8af8-47e8056c873b}</UniqueIdentifier>
    </Filter>
    <Filter Include="Actor\Level\ChracterSelect">
      <UniqueIdentifier>{7e4fc7f9-393b-4e12-b085-8ec1c06e38db}</UniqueIdentifier>
    </Filter>
    <Filter Include="Actor\Level\Title\BackGround">
      <UniqueIdentifier>{425a0ca4-2305-4af9-9215-c266e78bc7d7}</UniqueIdentifier>
    </Filter>
    <Filter Include="Actor\Level\Mainmenu\BackGround">
      <UniqueIdentifier>{9099b790-8604-4b29-9295-f5238e4140f2}</UniqueIdentifier>
    </Filter>
    <Filter Include="Actor\Level\GameOver\BackGround">
      <UniqueIdentifier>{a3c97aed-4763-4fb4-be92-5b9e19c77b44}</UniqueIdentifier>
    </Filter>
    <Filter Include="Actor\Level\ChracterSelect\BackGround">
      <UniqueIdentifier>{9a87a68e-71b0-4010-bd8f-7eb4bc3576b4}</UniqueIdentifier>
    </Filter>
    <Filter Include="Actor\Level\Title\GameLogo">
      <UniqueIdentifier>{a6e7591f-0a15-42ae-a985-bab7dceb9fea}</UniqueIdentifier>
    </Filter>
    <Filter Include="Actor\Level\Mainmenu\Menu">
      <UniqueIdentifier>{590b809c-8211-4b1b-aa57-743b031d9261}</UniqueIdentifier>
    </Filter>
    <Filter Include="Actor\Level\InGame">
      <UniqueIdentifier>{175c2f27-c6d5-44f3-970f-a14faee0eabd}</UniqueIdentifier>
    </Filter>
    <Filter Include="Actor\Level\InGame\Puyo">
      <UniqueIdentifier>{b06c5114-af39-4a99-af9f-2d08b6d7273e}</UniqueIdentifier>
    </Filter>
    <Filter Include="Actor\Level\InGame\Player">
      <UniqueIdentifier>{5af8637f-ce58-456c-a2e1-30715f6f18bd}</UniqueIdentifier>
    </Filter>
    <Filter Include="Actor\Level\InGame\Enemy">
      <UniqueIdentifier>{d1c6f7a8-f422-4421-9dc9-6620b92eea4d}</UniqueIdentifier>
    </Filter>
    <Filter Include="Actor\Level\InGame\BackGround">
      <UniqueIdentifier>{407f18c6-c601-42e4-b535-af41ea1f654b}</UniqueIdentifier>
    </Filter>
    <Filter Include="Global">
      <UniqueIdentifier>{fcd60428-59f3-4220-a9f5-53f1f410f542}</UniqueIdentifier>
    </Filter>
  </ItemGroup>
</Project>