
Microsoft Visual Studio Solution File, Format Version 12.00
# Visual Studio Version 17
VisualStudioVersion = 17.1.32210.238
MinimumVisualStudioVersion = 10.0.40219.1
Project("{8BC9CEB8-8B4A-11D0-8D11-00A0C91BC942}") = "GameEngine", "GameEngine\GameEngine.vcxproj", "{29144FBB-0A42-4032-A1F1-E89B4ED56C3E}"
EndProject
Project("{2150E333-8FDC-42A3-9474-1A3956D46DE8}") = "Level0", "Level0", "{C0146F90-A78F-4575-A578-FD262977C303}"
EndProject
Project("{2150E333-8FDC-42A3-9474-1A3956D46DE8}") = "Level1", "Level1", "{84E0F5E6-DDBF-4BB8-9996-ECCAF471EAD5}"
EndProject
Project("{2150E333-8FDC-42A3-9474-1A3956D46DE8}") = "Level2", "Level2", "{D3D4142D-BEE1-4419-9DBE-9D99EAB78207}"
EndProject
Project("{2150E333-8FDC-42A3-9474-1A3956D46DE8}") = "Level3", "Level3", "{74A5EE07-C786-4822-BF12-E7A506609190}"
EndProject
Project("{8BC9CEB8-8B4A-11D0-8D11-00A0C91BC942}") = "GameEngineBase", "GameEngineBase\GameEngineBase.vcxproj", "{83161800-5D2E-4619-BDB6-824F181A0287}"
EndProject
Project("{8BC9CEB8-8B4A-11D0-8D11-00A0C91BC942}") = "GameApp", "GameApp\GameApp.vcxproj", "{5318E2A9-A104-4050-B301-5B285F19E0FF}"
EndProject
Project("{8BC9CEB8-8B4A-11D0-8D11-00A0C91BC942}") = "GameEngineContents", "GameEngineContents\GamenEngineContents.vcxproj", "{1F6FF1C9-0DDF-4199-BDE3-74AD986564FD}"
EndProject
Global
	GlobalSection(SolutionConfigurationPlatforms) = preSolution
		Debug|x64 = Debug|x64
		Debug|x86 = Debug|x86
		Release|x64 = Release|x64
		Release|x86 = Release|x86
	EndGlobalSection
	GlobalSection(ProjectConfigurationPlatforms) = postSolution
		{29144FBB-0A42-4032-A1F1-E89B4ED56C3E}.Debug|x64.ActiveCfg = Debug|x64
		{29144FBB-0A42-4032-A1F1-E89B4ED56C3E}.Debug|x64.Build.0 = Debug|x64
		{29144FBB-0A42-4032-A1F1-E89B4ED56C3E}.Debug|x86.ActiveCfg = Debug|Win32
		{29144FBB-0A42-4032-A1F1-E89B4ED56C3E}.Debug|x86.Build.0 = Debug|Win32
		{29144FBB-0A42-4032-A1F1-E89B4ED56C3E}.Release|x64.ActiveCfg = Release|x64
		{29144FBB-0A42-4032-A1F1-E89B4ED56C3E}.Release|x64.Build.0 = Release|x64
		{29144FBB-0A42-4032-A1F1-E89B4ED56C3E}.Release|x86.ActiveCfg = Release|Win32
		{29144FBB-0A42-4032-A1F1-E89B4ED56C3E}.Release|x86.Build.0 = Release|Win32
		{83161800-5D2E-4619-BDB6-824F181A0287}.Debug|x64.ActiveCfg = Debug|x64
		{83161800-5D2E-4619-BDB6-824F181A0287}.Debug|x64.Build.0 = Debug|x64
		{83161800-5D2E-4619-BDB6-824F181A0287}.Debug|x86.ActiveCfg = Debug|Win32
		{83161800-5D2E-4619-BDB6-824F181A0287}.Debug|x86.Build.0 = Debug|Win32
		{83161800-5D2E-4619-BDB6-824F181A0287}.Release|x64.ActiveCfg = Release|x64
		{83161800-5D2E-4619-BDB6-824F181A0287}.Release|x64.Build.0 = Release|x64
		{83161800-5D2E-4619-BDB6-824F181A0287}.Release|x86.ActiveCfg = Release|Win32
		{83161800-5D2E-4619-BDB6-824F181A0287}.Release|x86.Build.0 = Release|Win32
		{5318E2A9-A104-4050-B301-5B285F19E0FF}.Debug|x64.ActiveCfg = Debug|x64
		{5318E2A9-A104-4050-B301-5B285F19E0FF}.Debug|x64.Build.0 = Debug|x64
		{5318E2A9-A104-4050-B301-5B285F19E0FF}.Debug|x86.ActiveCfg = Debug|Win32
		{5318E2A9-A104-4050-B301-5B285F19E0FF}.Debug|x86.Build.0 = Debug|Win32
		{5318E2A9-A104-4050-B301-5B285F19E0FF}.Release|x64.ActiveCfg = Release|x64
		{5318E2A9-A104-4050-B301-5B285F19E0FF}.Release|x64.Build.0 = Release|x64
		{5318E2A9-A104-4050-B301-5B285F19E0FF}.Release|x86.ActiveCfg = Release|Win32
		{5318E2A9-A104-4050-B301-5B285F19E0FF}.Release|x86.Build.0 = Release|Win32
		{1F6FF1C9-0DDF-4199-BDE3-74AD986564FD}.Debug|x64.ActiveCfg = Debug|x64
		{1F6FF1C9-0DDF-4199-BDE3-74AD986564FD}.Debug|x64.Build.0 = Debug|x64
		{1F6FF1C9-0DDF-4199-BDE3-74AD986564FD}.Debug|x86.ActiveCfg = Debug|Win32
		{1F6FF1C9-0DDF-4199-BDE3-74AD986564FD}.Debug|x86.Build.0 = Debug|Win32
		{1F6FF1C9-0DDF-4199-BDE3-74AD986564FD}.Release|x64.ActiveCfg = Release|x64
		{1F6FF1C9-0DDF-4199-BDE3-74AD986564FD}.Release|x64.Build.0 = Release|x64
		{1F6FF1C9-0DDF-4199-BDE3-74AD986564FD}.Release|x86.ActiveCfg = Release|Win32
		{1F6FF1C9-0DDF-4199-BDE3-74AD986564FD}.Release|x86.Build.0 = Release|Win32
	EndGlobalSection
	GlobalSection(SolutionProperties) = preSolution
		HideSolutionNode = FALSE
	EndGlobalSection
	GlobalSection(NestedProjects) = preSolution
		{29144FBB-0A42-4032-A1F1-E89B4ED56C3E} = {84E0F5E6-DDBF-4BB8-9996-ECCAF471EAD5}
		{83161800-5D2E-4619-BDB6-824F181A0287} = {C0146F90-A78F-4575-A578-FD262977C303}
		{5318E2A9-A104-4050-B301-5B285F19E0FF} = {74A5EE07-C786-4822-BF12-E7A506609190}
		{1F6FF1C9-0DDF-4199-BDE3-74AD986564FD} = {D3D4142D-BEE1-4419-9DBE-9D99EAB78207}
	EndGlobalSection
	GlobalSection(ExtensibilityGlobals) = postSolution
		SolutionGuid = {FFE4766F-4418-4E12-A281-6D53C419099A}
	EndGlobalSection
EndGlobal
